
Microsoft Visual Studio Solution File, Format Version 12.00
# Visual Studio Version 16
VisualStudioVersion = 16.0.30104.148
MinimumVisualStudioVersion = 10.0.40219.1
Project("{9A19103F-16F7-4668-BE54-9A1E7A4F7556}") = "OAuth.Sample.Domain", "OAuth.Sample.Domain\OAuth.Sample.Domain.csproj", "{AF21611D-C81A-4434-8098-5EC967498E7A}"
EndProject
Project("{9A19103F-16F7-4668-BE54-9A1E7A4F7556}") = "OAuth.Sample.Api", "OAuth.Sample.Api\OAuth.Sample.Api.csproj", "{27C12897-F9A5-4E5E-B027-EFF2ACCF90CB}"
EndProject
Project("{9A19103F-16F7-4668-BE54-9A1E7A4F7556}") = "OAuth.Sample.EF", "OAuth.Sample.EF\OAuth.Sample.EF.csproj", "{A0D69DC6-E30B-497C-8C6C-108642914DCB}"
EndProject
Project("{9A19103F-16F7-4668-BE54-9A1E7A4F7556}") = "OAuth.Sample.Service", "OAuth.Sample.Service\OAuth.Sample.Service.csproj", "{273BFC46-E6F0-4F1C-8C50-4126F7914C9B}"
EndProject
Project("{9A19103F-16F7-4668-BE54-9A1E7A4F7556}") = "OAuth.Sample.Web", "OAuth.Sample.Web\OAuth.Sample.Web.csproj", "{64AC0F76-1506-4718-AD3A-9278366944C8}"
EndProject
Global
	GlobalSection(SolutionConfigurationPlatforms) = preSolution
		Debug|Any CPU = Debug|Any CPU
		Release|Any CPU = Release|Any CPU
	EndGlobalSection
	GlobalSection(ProjectConfigurationPlatforms) = postSolution
		{AF21611D-C81A-4434-8098-5EC967498E7A}.Debug|Any CPU.ActiveCfg = Debug|Any CPU
		{AF21611D-C81A-4434-8098-5EC967498E7A}.Debug|Any CPU.Build.0 = Debug|Any CPU
		{AF21611D-C81A-4434-8098-5EC967498E7A}.Release|Any CPU.ActiveCfg = Release|Any CPU
		{AF21611D-C81A-4434-8098-5EC967498E7A}.Release|Any CPU.Build.0 = Release|Any CPU
		{27C12897-F9A5-4E5E-B027-EFF2ACCF90CB}.Debug|Any CPU.ActiveCfg = Debug|Any CPU
		{27C12897-F9A5-4E5E-B027-EFF2ACCF90CB}.Debug|Any CPU.Build.0 = Debug|Any CPU
		{27C12897-F9A5-4E5E-B027-EFF2ACCF90CB}.Release|Any CPU.ActiveCfg = Release|Any CPU
		{27C12897-F9A5-4E5E-B027-EFF2ACCF90CB}.Release|Any CPU.Build.0 = Release|Any CPU
		{A0D69DC6-E30B-497C-8C6C-108642914DCB}.Debug|Any CPU.ActiveCfg = Debug|Any CPU
		{A0D69DC6-E30B-497C-8C6C-108642914DCB}.Debug|Any CPU.Build.0 = Debug|Any CPU
		{A0D69DC6-E30B-497C-8C6C-108642914DCB}.Release|Any CPU.ActiveCfg = Release|Any CPU
		{A0D69DC6-E30B-497C-8C6C-108642914DCB}.Release|Any CPU.Build.0 = Release|Any CPU
		{273BFC46-E6F0-4F1C-8C50-4126F7914C9B}.Debug|Any CPU.ActiveCfg = Debug|Any CPU
		{273BFC46-E6F0-4F1C-8C50-4126F7914C9B}.Debug|Any CPU.Build.0 = Debug|Any CPU
		{273BFC46-E6F0-4F1C-8C50-4126F7914C9B}.Release|Any CPU.ActiveCfg = Release|Any CPU
		{273BFC46-E6F0-4F1C-8C50-4126F7914C9B}.Release|Any CPU.Build.0 = Release|Any CPU
		{64AC0F76-1506-4718-AD3A-9278366944C8}.Debug|Any CPU.ActiveCfg = Debug|Any CPU
		{64AC0F76-1506-4718-AD3A-9278366944C8}.Debug|Any CPU.Build.0 = Debug|Any CPU
		{64AC0F76-1506-4718-AD3A-9278366944C8}.Release|Any CPU.ActiveCfg = Release|Any CPU
		{64AC0F76-1506-4718-AD3A-9278366944C8}.Release|Any CPU.Build.0 = Release|Any CPU
	EndGlobalSection
	GlobalSection(SolutionProperties) = preSolution
		HideSolutionNode = FALSE
	EndGlobalSection
	GlobalSection(ExtensibilityGlobals) = postSolution
		SolutionGuid = {D2E599E6-3531-46E3-AE35-E3A5B9FDB124}
	EndGlobalSection
EndGlobal
